
Microsoft Visual Studio Solution File, Format Version 12.00
Project("{FAE04EC0-301F-11D3-BF4B-00C04F79EFBC}") = "P1_1Classes", "P1_1Classes\P1_1Classes.csproj", "{B4A88D25-0FC2-4E2B-94DC-23C044EA0247}"
EndProject
Project("{FAE04EC0-301F-11D3-BF4B-00C04F79EFBC}") = "P1People", "P1People\P1People.csproj", "{0C5A7FC0-29AC-479C-A628-05DCAD87334F}"
EndProject
Project("{FAE04EC0-301F-11D3-BF4B-00C04F79EFBC}") = "P2_1PlayerGold", "P2_1PlayerGold\P2_1PlayerGold.csproj", "{A068F882-344B-48E8-A837-77EE50557C50}"
EndProject
Project("{FAE04EC0-301F-11D3-BF4B-00C04F79EFBC}") = "P2_2ItemValues", "P2_2ItemValues\P2_2ItemValues.csproj", "{F761158A-B152-4E95-A4CB-E59A106536FF}"
EndProject
Project("{FAE04EC0-301F-11D3-BF4B-00C04F79EFBC}") = "IDs", "IDs\IDs.csproj", "{1F7C4F95-7D15-48AB-9E4B-85B7DB333F04}"
EndProject
Project("{FAE04EC0-301F-11D3-BF4B-00C04F79EFBC}") = "P2Fields", "P2Fields\P2Fields.csproj", "{F03FE2F3-DCE6-468C-8665-E031A5F8199A}"
EndProject
Project("{FAE04EC0-301F-11D3-BF4B-00C04F79EFBC}") = "P3_1HelloWorld", "P3_1HelloWorld\P3_1HelloWorld.csproj", "{5058AB7F-172F-49CC-92B9-933450DE9367}"
EndProject
Project("{FAE04EC0-301F-11D3-BF4B-00C04F79EFBC}") = "P3_2People", "P3_2People\P3_2People.csproj", "{FF9CE8CE-1AAE-4937-BED9-48D747590C26}"
EndProject
Global
	GlobalSection(SolutionConfigurationPlatforms) = preSolution
		Debug|Any CPU = Debug|Any CPU
		Release|Any CPU = Release|Any CPU
	EndGlobalSection
	GlobalSection(ProjectConfigurationPlatforms) = postSolution
		{B4A88D25-0FC2-4E2B-94DC-23C044EA0247}.Debug|Any CPU.ActiveCfg = Debug|Any CPU
		{B4A88D25-0FC2-4E2B-94DC-23C044EA0247}.Debug|Any CPU.Build.0 = Debug|Any CPU
		{B4A88D25-0FC2-4E2B-94DC-23C044EA0247}.Release|Any CPU.ActiveCfg = Release|Any CPU
		{B4A88D25-0FC2-4E2B-94DC-23C044EA0247}.Release|Any CPU.Build.0 = Release|Any CPU
		{0C5A7FC0-29AC-479C-A628-05DCAD87334F}.Debug|Any CPU.ActiveCfg = Debug|Any CPU
		{0C5A7FC0-29AC-479C-A628-05DCAD87334F}.Debug|Any CPU.Build.0 = Debug|Any CPU
		{0C5A7FC0-29AC-479C-A628-05DCAD87334F}.Release|Any CPU.ActiveCfg = Release|Any CPU
		{0C5A7FC0-29AC-479C-A628-05DCAD87334F}.Release|Any CPU.Build.0 = Release|Any CPU
		{A068F882-344B-48E8-A837-77EE50557C50}.Debug|Any CPU.ActiveCfg = Debug|Any CPU
		{A068F882-344B-48E8-A837-77EE50557C50}.Debug|Any CPU.Build.0 = Debug|Any CPU
		{A068F882-344B-48E8-A837-77EE50557C50}.Release|Any CPU.ActiveCfg = Release|Any CPU
		{A068F882-344B-48E8-A837-77EE50557C50}.Release|Any CPU.Build.0 = Release|Any CPU
		{F761158A-B152-4E95-A4CB-E59A106536FF}.Debug|Any CPU.ActiveCfg = Debug|Any CPU
		{F761158A-B152-4E95-A4CB-E59A106536FF}.Debug|Any CPU.Build.0 = Debug|Any CPU
		{F761158A-B152-4E95-A4CB-E59A106536FF}.Release|Any CPU.ActiveCfg = Release|Any CPU
		{F761158A-B152-4E95-A4CB-E59A106536FF}.Release|Any CPU.Build.0 = Release|Any CPU
		{1F7C4F95-7D15-48AB-9E4B-85B7DB333F04}.Debug|Any CPU.ActiveCfg = Debug|Any CPU
		{1F7C4F95-7D15-48AB-9E4B-85B7DB333F04}.Debug|Any CPU.Build.0 = Debug|Any CPU
		{1F7C4F95-7D15-48AB-9E4B-85B7DB333F04}.Release|Any CPU.ActiveCfg = Release|Any CPU
		{1F7C4F95-7D15-48AB-9E4B-85B7DB333F04}.Release|Any CPU.Build.0 = Release|Any CPU
		{F03FE2F3-DCE6-468C-8665-E031A5F8199A}.Debug|Any CPU.ActiveCfg = Debug|Any CPU
		{F03FE2F3-DCE6-468C-8665-E031A5F8199A}.Debug|Any CPU.Build.0 = Debug|Any CPU
		{F03FE2F3-DCE6-468C-8665-E031A5F8199A}.Release|Any CPU.ActiveCfg = Release|Any CPU
		{F03FE2F3-DCE6-468C-8665-E031A5F8199A}.Release|Any CPU.Build.0 = Release|Any CPU
		{5058AB7F-172F-49CC-92B9-933450DE9367}.Debug|Any CPU.ActiveCfg = Debug|Any CPU
		{5058AB7F-172F-49CC-92B9-933450DE9367}.Debug|Any CPU.Build.0 = Debug|Any CPU
		{5058AB7F-172F-49CC-92B9-933450DE9367}.Release|Any CPU.ActiveCfg = Release|Any CPU
		{5058AB7F-172F-49CC-92B9-933450DE9367}.Release|Any CPU.Build.0 = Release|Any CPU
		{FF9CE8CE-1AAE-4937-BED9-48D747590C26}.Debug|Any CPU.ActiveCfg = Debug|Any CPU
		{FF9CE8CE-1AAE-4937-BED9-48D747590C26}.Debug|Any CPU.Build.0 = Debug|Any CPU
		{FF9CE8CE-1AAE-4937-BED9-48D747590C26}.Release|Any CPU.ActiveCfg = Release|Any CPU
		{FF9CE8CE-1AAE-4937-BED9-48D747590C26}.Release|Any CPU.Build.0 = Release|Any CPU
	EndGlobalSection
EndGlobal
